
Microsoft Visual Studio Solution File, Format Version 12.00
# Visual Studio Version 17
VisualStudioVersion = 17.13.35931.197 d17.13
MinimumVisualStudioVersion = 10.0.40219.1
Project("{FAE04EC0-301F-11D3-BF4B-00C04F79EFBC}") = "TextRPG_8team", "TextRPG_8team\TextRPG_8team.csproj", "{3FD13B2A-C0DC-4D57-9A73-767090B21A43}"
EndProject
Global
	GlobalSection(SolutionConfigurationPlatforms) = preSolution
		Debug|Any CPU = Debug|Any CPU
		Release|Any CPU = Release|Any CPU
	EndGlobalSection
	GlobalSection(ProjectConfigurationPlatforms) = postSolution
		{3FD13B2A-C0DC-4D57-9A73-767090B21A43}.Debug|Any CPU.ActiveCfg = Debug|Any CPU
		{3FD13B2A-C0DC-4D57-9A73-767090B21A43}.Debug|Any CPU.Build.0 = Debug|Any CPU
		{3FD13B2A-C0DC-4D57-9A73-767090B21A43}.Release|Any CPU.ActiveCfg = Release|Any CPU
		{3FD13B2A-C0DC-4D57-9A73-767090B21A43}.Release|Any CPU.Build.0 = Release|Any CPU
	EndGlobalSection
	GlobalSection(SolutionProperties) = preSolution
		HideSolutionNode = FALSE
	EndGlobalSection
	GlobalSection(ExtensibilityGlobals) = postSolution
		SolutionGuid = {65C0EAD3-33FC-4DA1-BEE5-3C47338E2CB8}
	EndGlobalSection
EndGlobal
